// !$*UTF8*$!
{
	archiveVersion = 1;
	classes = {
	};
	objectVersion = 56;
	objects = {

/* Begin PBXBuildFile section */
		911B48DDA60A93F90A8104B6 /* Pods_QuizApp.framework in Frameworks */ = {isa = PBXBuildFile; fileRef = 5136A91158BE313A7766CFDC /* Pods_QuizApp.framework */; };
		A90ABAB52C18B8D3000131DC /* AppDelegate.swift in Sources */ = {isa = PBXBuildFile; fileRef = A90ABAB42C18B8D3000131DC /* AppDelegate.swift */; };
		A90ABAB72C18B8D3000131DC /* SceneDelegate.swift in Sources */ = {isa = PBXBuildFile; fileRef = A90ABAB62C18B8D3000131DC /* SceneDelegate.swift */; };
		A90ABAB92C18B8D3000131DC /* ViewController.swift in Sources */ = {isa = PBXBuildFile; fileRef = A90ABAB82C18B8D3000131DC /* ViewController.swift */; };
		A90ABABC2C18B8D3000131DC /* Base in Resources */ = {isa = PBXBuildFile; fileRef = A90ABABB2C18B8D3000131DC /* Base */; };
		A90ABABE2C18B8D5000131DC /* Assets.xcassets in Resources */ = {isa = PBXBuildFile; fileRef = A90ABABD2C18B8D5000131DC /* Assets.xcassets */; };
		A90ABAC12C18B8D5000131DC /* Base in Resources */ = {isa = PBXBuildFile; fileRef = A90ABAC02C18B8D5000131DC /* Base */; };
		A91814602C2980DC000726E0 /* ScoresViewController.swift in Sources */ = {isa = PBXBuildFile; fileRef = A918145F2C2980DC000726E0 /* ScoresViewController.swift */; };
		A91814642C29A153000726E0 /* User.swift in Sources */ = {isa = PBXBuildFile; fileRef = A91814632C29A153000726E0 /* User.swift */; };
		A91814672C29A8F0000726E0 /* correct.mp3 in Resources */ = {isa = PBXBuildFile; fileRef = A91814652C29A8F0000726E0 /* correct.mp3 */; };
		A91814682C29A8F0000726E0 /* false.mp3 in Resources */ = {isa = PBXBuildFile; fileRef = A91814662C29A8F0000726E0 /* false.mp3 */; };
		A918146A2C2ADE98000726E0 /* FirebaseManager.swift in Sources */ = {isa = PBXBuildFile; fileRef = A91814692C2ADE98000726E0 /* FirebaseManager.swift */; };
		A9332DDB2C32F408001C3F86 /* UserScoresTableViewCell.swift in Sources */ = {isa = PBXBuildFile; fileRef = A9332DDA2C32F408001C3F86 /* UserScoresTableViewCell.swift */; };
		A9332DDE2C342EAB001C3F86 /* UserIconViewController.swift in Sources */ = {isa = PBXBuildFile; fileRef = A9332DDD2C342EAB001C3F86 /* UserIconViewController.swift */; };
		A9332DE02C342FF0001C3F86 /* UserIconCollectionViewCell.swift in Sources */ = {isa = PBXBuildFile; fileRef = A9332DDF2C342FF0001C3F86 /* UserIconCollectionViewCell.swift */; };
		A93AD5832C2DA28B00A46D21 /* leadershipTableViewCell.swift in Sources */ = {isa = PBXBuildFile; fileRef = A93AD5822C2DA28B00A46D21 /* leadershipTableViewCell.swift */; };
		A957651C2C1C271000834BE7 /* UserProfileViewController.swift in Sources */ = {isa = PBXBuildFile; fileRef = A957651B2C1C271000834BE7 /* UserProfileViewController.swift */; };
		A976E8F12C1C3E630009D1B0 /* QuizOptionsModel.swift in Sources */ = {isa = PBXBuildFile; fileRef = A976E8F02C1C3E630009D1B0 /* QuizOptionsModel.swift */; };
		A976E8F32C1C3E980009D1B0 /* Category.swift in Sources */ = {isa = PBXBuildFile; fileRef = A976E8F22C1C3E980009D1B0 /* Category.swift */; };
		A976E8F52C1C3EC50009D1B0 /* CategoryManager.swift in Sources */ = {isa = PBXBuildFile; fileRef = A976E8F42C1C3EC50009D1B0 /* CategoryManager.swift */; };
		A976E8F72C1C3F1A0009D1B0 /* GameManager.swift in Sources */ = {isa = PBXBuildFile; fileRef = A976E8F62C1C3F1A0009D1B0 /* GameManager.swift */; };
		A976E8F92C1C3F410009D1B0 /* Quiz.swift in Sources */ = {isa = PBXBuildFile; fileRef = A976E8F82C1C3F410009D1B0 /* Quiz.swift */; };
		A976E8FB2C1C4AE60009D1B0 /* Constants.swift in Sources */ = {isa = PBXBuildFile; fileRef = A976E8FA2C1C4AE60009D1B0 /* Constants.swift */; };
		A976E8FD2C1C4C270009D1B0 /* CategoryViewController.swift in Sources */ = {isa = PBXBuildFile; fileRef = A976E8FC2C1C4C270009D1B0 /* CategoryViewController.swift */; };
		A976E8FF2C1C4C4A0009D1B0 /* TypeViewController.swift in Sources */ = {isa = PBXBuildFile; fileRef = A976E8FE2C1C4C4A0009D1B0 /* TypeViewController.swift */; };
		A976E9012C1C4C670009D1B0 /* GameViewController.swift in Sources */ = {isa = PBXBuildFile; fileRef = A976E9002C1C4C670009D1B0 /* GameViewController.swift */; };
		A976E9032C1C4C830009D1B0 /* GameOverViewController.swift in Sources */ = {isa = PBXBuildFile; fileRef = A976E9022C1C4C830009D1B0 /* GameOverViewController.swift */; };
		A976E9062C1C7DF10009D1B0 /* MultipleButtonViewController.swift in Sources */ = {isa = PBXBuildFile; fileRef = A976E9052C1C7DF10009D1B0 /* MultipleButtonViewController.swift */; };
		A976E9082C1C7E020009D1B0 /* BooleanButtonViewController.swift in Sources */ = {isa = PBXBuildFile; fileRef = A976E9072C1C7E020009D1B0 /* BooleanButtonViewController.swift */; };
		A9ECE71E2C1B29A4000DB6E9 /* GoogleService-Info.plist in Resources */ = {isa = PBXBuildFile; fileRef = A9ECE71D2C1B29A4000DB6E9 /* GoogleService-Info.plist */; };
		A9ECE7202C1B2DC8000DB6E9 /* LoginViewController.swift in Sources */ = {isa = PBXBuildFile; fileRef = A9ECE71F2C1B2DC8000DB6E9 /* LoginViewController.swift */; };
		A9ECE7222C1B2DD6000DB6E9 /* RegisterViewController.swift in Sources */ = {isa = PBXBuildFile; fileRef = A9ECE7212C1B2DD5000DB6E9 /* RegisterViewController.swift */; };
		A9ECE7242C1B2E56000DB6E9 /* NumberOfQuestionsViewController.swift in Sources */ = {isa = PBXBuildFile; fileRef = A9ECE7232C1B2E56000DB6E9 /* NumberOfQuestionsViewController.swift */; };
/* End PBXBuildFile section */

/* Begin PBXFileReference section */
		0B8A4BBD5AF029C9A4F8D940 /* Pods-QuizApp.debug.xcconfig */ = {isa = PBXFileReference; includeInIndex = 1; lastKnownFileType = text.xcconfig; name = "Pods-QuizApp.debug.xcconfig"; path = "Target Support Files/Pods-QuizApp/Pods-QuizApp.debug.xcconfig"; sourceTree = "<group>"; };
		16AED92F5DC269B737258FC8 /* Pods-QuizApp.release.xcconfig */ = {isa = PBXFileReference; includeInIndex = 1; lastKnownFileType = text.xcconfig; name = "Pods-QuizApp.release.xcconfig"; path = "Target Support Files/Pods-QuizApp/Pods-QuizApp.release.xcconfig"; sourceTree = "<group>"; };
		5136A91158BE313A7766CFDC /* Pods_QuizApp.framework */ = {isa = PBXFileReference; explicitFileType = wrapper.framework; includeInIndex = 0; path = Pods_QuizApp.framework; sourceTree = BUILT_PRODUCTS_DIR; };
		A90ABAB12C18B8D3000131DC /* QuizApp.app */ = {isa = PBXFileReference; explicitFileType = wrapper.application; includeInIndex = 0; path = QuizApp.app; sourceTree = BUILT_PRODUCTS_DIR; };
		A90ABAB42C18B8D3000131DC /* AppDelegate.swift */ = {isa = PBXFileReference; lastKnownFileType = sourcecode.swift; path = AppDelegate.swift; sourceTree = "<group>"; };
		A90ABAB62C18B8D3000131DC /* SceneDelegate.swift */ = {isa = PBXFileReference; lastKnownFileType = sourcecode.swift; path = SceneDelegate.swift; sourceTree = "<group>"; };
		A90ABAB82C18B8D3000131DC /* ViewController.swift */ = {isa = PBXFileReference; lastKnownFileType = sourcecode.swift; path = ViewController.swift; sourceTree = "<group>"; };
		A90ABABB2C18B8D3000131DC /* Base */ = {isa = PBXFileReference; lastKnownFileType = file.storyboard; name = Base; path = Base.lproj/Main.storyboard; sourceTree = "<group>"; };
		A90ABABD2C18B8D5000131DC /* Assets.xcassets */ = {isa = PBXFileReference; lastKnownFileType = folder.assetcatalog; path = Assets.xcassets; sourceTree = "<group>"; };
		A90ABAC02C18B8D5000131DC /* Base */ = {isa = PBXFileReference; lastKnownFileType = file.storyboard; name = Base; path = Base.lproj/LaunchScreen.storyboard; sourceTree = "<group>"; };
		A90ABAC22C18B8D5000131DC /* Info.plist */ = {isa = PBXFileReference; lastKnownFileType = text.plist.xml; path = Info.plist; sourceTree = "<group>"; };
		A918145F2C2980DC000726E0 /* ScoresViewController.swift */ = {isa = PBXFileReference; lastKnownFileType = sourcecode.swift; path = ScoresViewController.swift; sourceTree = "<group>"; };
		A91814632C29A153000726E0 /* User.swift */ = {isa = PBXFileReference; lastKnownFileType = sourcecode.swift; path = User.swift; sourceTree = "<group>"; };
		A91814652C29A8F0000726E0 /* correct.mp3 */ = {isa = PBXFileReference; lastKnownFileType = audio.mp3; name = correct.mp3; path = ../../correct.mp3; sourceTree = "<group>"; };
		A91814662C29A8F0000726E0 /* false.mp3 */ = {isa = PBXFileReference; lastKnownFileType = audio.mp3; name = false.mp3; path = ../../false.mp3; sourceTree = "<group>"; };
		A91814692C2ADE98000726E0 /* FirebaseManager.swift */ = {isa = PBXFileReference; lastKnownFileType = sourcecode.swift; path = FirebaseManager.swift; sourceTree = "<group>"; };
		A9332DDA2C32F408001C3F86 /* UserScoresTableViewCell.swift */ = {isa = PBXFileReference; lastKnownFileType = sourcecode.swift; path = UserScoresTableViewCell.swift; sourceTree = "<group>"; };
		A9332DDD2C342EAB001C3F86 /* UserIconViewController.swift */ = {isa = PBXFileReference; lastKnownFileType = sourcecode.swift; path = UserIconViewController.swift; sourceTree = "<group>"; };
		A9332DDF2C342FF0001C3F86 /* UserIconCollectionViewCell.swift */ = {isa = PBXFileReference; lastKnownFileType = sourcecode.swift; path = UserIconCollectionViewCell.swift; sourceTree = "<group>"; };
		A93AD5822C2DA28B00A46D21 /* leadershipTableViewCell.swift */ = {isa = PBXFileReference; lastKnownFileType = sourcecode.swift; path = leadershipTableViewCell.swift; sourceTree = "<group>"; };
		A957651B2C1C271000834BE7 /* UserProfileViewController.swift */ = {isa = PBXFileReference; lastKnownFileType = sourcecode.swift; path = UserProfileViewController.swift; sourceTree = "<group>"; };
		A976E8F02C1C3E630009D1B0 /* QuizOptionsModel.swift */ = {isa = PBXFileReference; lastKnownFileType = sourcecode.swift; path = QuizOptionsModel.swift; sourceTree = "<group>"; };
		A976E8F22C1C3E980009D1B0 /* Category.swift */ = {isa = PBXFileReference; lastKnownFileType = sourcecode.swift; path = Category.swift; sourceTree = "<group>"; };
		A976E8F42C1C3EC50009D1B0 /* CategoryManager.swift */ = {isa = PBXFileReference; lastKnownFileType = sourcecode.swift; path = CategoryManager.swift; sourceTree = "<group>"; };
		A976E8F62C1C3F1A0009D1B0 /* GameManager.swift */ = {isa = PBXFileReference; lastKnownFileType = sourcecode.swift; path = GameManager.swift; sourceTree = "<group>"; };
		A976E8F82C1C3F410009D1B0 /* Quiz.swift */ = {isa = PBXFileReference; lastKnownFileType = sourcecode.swift; path = Quiz.swift; sourceTree = "<group>"; };
		A976E8FA2C1C4AE60009D1B0 /* Constants.swift */ = {isa = PBXFileReference; lastKnownFileType = sourcecode.swift; path = Constants.swift; sourceTree = "<group>"; };
		A976E8FC2C1C4C270009D1B0 /* CategoryViewController.swift */ = {isa = PBXFileReference; lastKnownFileType = sourcecode.swift; path = CategoryViewController.swift; sourceTree = "<group>"; };
		A976E8FE2C1C4C4A0009D1B0 /* TypeViewController.swift */ = {isa = PBXFileReference; lastKnownFileType = sourcecode.swift; path = TypeViewController.swift; sourceTree = "<group>"; };
		A976E9002C1C4C670009D1B0 /* GameViewController.swift */ = {isa = PBXFileReference; lastKnownFileType = sourcecode.swift; path = GameViewController.swift; sourceTree = "<group>"; };
		A976E9022C1C4C830009D1B0 /* GameOverViewController.swift */ = {isa = PBXFileReference; lastKnownFileType = sourcecode.swift; path = GameOverViewController.swift; sourceTree = "<group>"; };
		A976E9052C1C7DF10009D1B0 /* MultipleButtonViewController.swift */ = {isa = PBXFileReference; lastKnownFileType = sourcecode.swift; path = MultipleButtonViewController.swift; sourceTree = "<group>"; };
		A976E9072C1C7E020009D1B0 /* BooleanButtonViewController.swift */ = {isa = PBXFileReference; lastKnownFileType = sourcecode.swift; path = BooleanButtonViewController.swift; sourceTree = "<group>"; };
		A9ECE71D2C1B29A4000DB6E9 /* GoogleService-Info.plist */ = {isa = PBXFileReference; fileEncoding = 4; lastKnownFileType = text.plist.xml; name = "GoogleService-Info.plist"; path = "../../GoogleService-Info.plist"; sourceTree = "<group>"; };
		A9ECE71F2C1B2DC8000DB6E9 /* LoginViewController.swift */ = {isa = PBXFileReference; lastKnownFileType = sourcecode.swift; path = LoginViewController.swift; sourceTree = "<group>"; };
		A9ECE7212C1B2DD5000DB6E9 /* RegisterViewController.swift */ = {isa = PBXFileReference; lastKnownFileType = sourcecode.swift; path = RegisterViewController.swift; sourceTree = "<group>"; };
		A9ECE7232C1B2E56000DB6E9 /* NumberOfQuestionsViewController.swift */ = {isa = PBXFileReference; lastKnownFileType = sourcecode.swift; path = NumberOfQuestionsViewController.swift; sourceTree = "<group>"; };
/* End PBXFileReference section */

/* Begin PBXFrameworksBuildPhase section */
		A90ABAAE2C18B8D3000131DC /* Frameworks */ = {
			isa = PBXFrameworksBuildPhase;
			buildActionMask = 2147483647;
			files = (
				911B48DDA60A93F90A8104B6 /* Pods_QuizApp.framework in Frameworks */,
			);
			runOnlyForDeploymentPostprocessing = 0;
		};
/* End PBXFrameworksBuildPhase section */

/* Begin PBXGroup section */
		0DF9C50F2E7E762B84FE0D52 /* Pods */ = {
			isa = PBXGroup;
			children = (
				0B8A4BBD5AF029C9A4F8D940 /* Pods-QuizApp.debug.xcconfig */,
				16AED92F5DC269B737258FC8 /* Pods-QuizApp.release.xcconfig */,
			);
			path = Pods;
			sourceTree = "<group>";
		};
		A90ABAA82C18B8D3000131DC = {
			isa = PBXGroup;
			children = (
				A90ABAB32C18B8D3000131DC /* QuizApp */,
				A90ABAB22C18B8D3000131DC /* Products */,
				0DF9C50F2E7E762B84FE0D52 /* Pods */,
				EEC0A7B8C898DD05F877D03B /* Frameworks */,
			);
			sourceTree = "<group>";
		};
		A90ABAB22C18B8D3000131DC /* Products */ = {
			isa = PBXGroup;
			children = (
				A90ABAB12C18B8D3000131DC /* QuizApp.app */,
			);
			name = Products;
			sourceTree = "<group>";
		};
		A90ABAB32C18B8D3000131DC /* QuizApp */ = {
			isa = PBXGroup;
			children = (
				A91814652C29A8F0000726E0 /* correct.mp3 */,
				A91814662C29A8F0000726E0 /* false.mp3 */,
				A90ABAC92C18B928000131DC /* Model */,
				A90ABAC82C18B919000131DC /* View */,
				A90ABACA2C18B931000131DC /* Controller */,
				A90ABAB42C18B8D3000131DC /* AppDelegate.swift */,
				A90ABAB62C18B8D3000131DC /* SceneDelegate.swift */,
				A976E8FA2C1C4AE60009D1B0 /* Constants.swift */,
				A90ABABD2C18B8D5000131DC /* Assets.xcassets */,
				A9ECE71D2C1B29A4000DB6E9 /* GoogleService-Info.plist */,
				A90ABABF2C18B8D5000131DC /* LaunchScreen.storyboard */,
				A90ABAC22C18B8D5000131DC /* Info.plist */,
			);
			path = QuizApp;
			sourceTree = "<group>";
		};
		A90ABAC82C18B919000131DC /* View */ = {
			isa = PBXGroup;
			children = (
				A90ABABA2C18B8D3000131DC /* Main.storyboard */,
			);
			path = View;
			sourceTree = "<group>";
		};
		A90ABAC92C18B928000131DC /* Model */ = {
			isa = PBXGroup;
			children = (
				A976E8F02C1C3E630009D1B0 /* QuizOptionsModel.swift */,
				A976E8F22C1C3E980009D1B0 /* Category.swift */,
				A976E8F42C1C3EC50009D1B0 /* CategoryManager.swift */,
				A976E8F62C1C3F1A0009D1B0 /* GameManager.swift */,
				A976E8F82C1C3F410009D1B0 /* Quiz.swift */,
				A91814632C29A153000726E0 /* User.swift */,
				A91814692C2ADE98000726E0 /* FirebaseManager.swift */,
			);
			path = Model;
			sourceTree = "<group>";
		};
		A90ABACA2C18B931000131DC /* Controller */ = {
			isa = PBXGroup;
			children = (
				A9332DDC2C33EF97001C3F86 /* Cells */,
				A976E9042C1C7DDD0009D1B0 /* Containers */,
				A90ABAB82C18B8D3000131DC /* ViewController.swift */,
				A9ECE71F2C1B2DC8000DB6E9 /* LoginViewController.swift */,
				A9ECE7212C1B2DD5000DB6E9 /* RegisterViewController.swift */,
				A9ECE7232C1B2E56000DB6E9 /* NumberOfQuestionsViewController.swift */,
				A976E8FC2C1C4C270009D1B0 /* CategoryViewController.swift */,
				A976E8FE2C1C4C4A0009D1B0 /* TypeViewController.swift */,
				A976E9002C1C4C670009D1B0 /* GameViewController.swift */,
				A976E9022C1C4C830009D1B0 /* GameOverViewController.swift */,
				A957651B2C1C271000834BE7 /* UserProfileViewController.swift */,
				A918145F2C2980DC000726E0 /* ScoresViewController.swift */,
				A9332DDD2C342EAB001C3F86 /* UserIconViewController.swift */,
			);
			path = Controller;
			sourceTree = "<group>";
		};
		A9332DDC2C33EF97001C3F86 /* Cells */ = {
			isa = PBXGroup;
			children = (
				A9332DDF2C342FF0001C3F86 /* UserIconCollectionViewCell.swift */,
				A93AD5822C2DA28B00A46D21 /* leadershipTableViewCell.swift */,
				A9332DDA2C32F408001C3F86 /* UserScoresTableViewCell.swift */,
			);
			path = Cells;
			sourceTree = "<group>";
		};
		A976E9042C1C7DDD0009D1B0 /* Containers */ = {
			isa = PBXGroup;
			children = (
				A976E9052C1C7DF10009D1B0 /* MultipleButtonViewController.swift */,
				A976E9072C1C7E020009D1B0 /* BooleanButtonViewController.swift */,
			);
			path = Containers;
			sourceTree = "<group>";
		};
		EEC0A7B8C898DD05F877D03B /* Frameworks */ = {
			isa = PBXGroup;
			children = (
				5136A91158BE313A7766CFDC /* Pods_QuizApp.framework */,
			);
			name = Frameworks;
			sourceTree = "<group>";
		};
/* End PBXGroup section */

/* Begin PBXNativeTarget section */
		A90ABAB02C18B8D3000131DC /* QuizApp */ = {
			isa = PBXNativeTarget;
			buildConfigurationList = A90ABAC52C18B8D5000131DC /* Build configuration list for PBXNativeTarget "QuizApp" */;
			buildPhases = (
				4EB08E5815EAAA7AC160500F /* [CP] Check Pods Manifest.lock */,
				A90ABAAD2C18B8D3000131DC /* Sources */,
				A90ABAAE2C18B8D3000131DC /* Frameworks */,
				A90ABAAF2C18B8D3000131DC /* Resources */,
				3FE0B7E4489387E1B1AAAEE4 /* [CP] Embed Pods Frameworks */,
			);
			buildRules = (
			);
			dependencies = (
			);
			name = QuizApp;
			productName = QuizApp;
			productReference = A90ABAB12C18B8D3000131DC /* QuizApp.app */;
			productType = "com.apple.product-type.application";
		};
/* End PBXNativeTarget section */

/* Begin PBXProject section */
		A90ABAA92C18B8D3000131DC /* Project object */ = {
			isa = PBXProject;
			attributes = {
				BuildIndependentTargetsInParallel = 1;
				LastSwiftUpdateCheck = 1540;
				LastUpgradeCheck = 1540;
				TargetAttributes = {
					A90ABAB02C18B8D3000131DC = {
						CreatedOnToolsVersion = 15.4;
					};
				};
			};
			buildConfigurationList = A90ABAAC2C18B8D3000131DC /* Build configuration list for PBXProject "QuizApp" */;
			compatibilityVersion = "Xcode 14.0";
			developmentRegion = en;
			hasScannedForEncodings = 0;
			knownRegions = (
				en,
				Base,
			);
			mainGroup = A90ABAA82C18B8D3000131DC;
			productRefGroup = A90ABAB22C18B8D3000131DC /* Products */;
			projectDirPath = "";
			projectRoot = "";
			targets = (
				A90ABAB02C18B8D3000131DC /* QuizApp */,
			);
		};
/* End PBXProject section */

/* Begin PBXResourcesBuildPhase section */
		A90ABAAF2C18B8D3000131DC /* Resources */ = {
			isa = PBXResourcesBuildPhase;
			buildActionMask = 2147483647;
			files = (
				A91814682C29A8F0000726E0 /* false.mp3 in Resources */,
				A91814672C29A8F0000726E0 /* correct.mp3 in Resources */,
				A90ABABE2C18B8D5000131DC /* Assets.xcassets in Resources */,
				A9ECE71E2C1B29A4000DB6E9 /* GoogleService-Info.plist in Resources */,
				A90ABAC12C18B8D5000131DC /* Base in Resources */,
				A90ABABC2C18B8D3000131DC /* Base in Resources */,
			);
			runOnlyForDeploymentPostprocessing = 0;
		};
/* End PBXResourcesBuildPhase section */

/* Begin PBXShellScriptBuildPhase section */
		3FE0B7E4489387E1B1AAAEE4 /* [CP] Embed Pods Frameworks */ = {
			isa = PBXShellScriptBuildPhase;
			buildActionMask = 2147483647;
			files = (
			);
			inputFileListPaths = (
				"${PODS_ROOT}/Target Support Files/Pods-QuizApp/Pods-QuizApp-frameworks-${CONFIGURATION}-input-files.xcfilelist",
			);
			name = "[CP] Embed Pods Frameworks";
			outputFileListPaths = (
				"${PODS_ROOT}/Target Support Files/Pods-QuizApp/Pods-QuizApp-frameworks-${CONFIGURATION}-output-files.xcfilelist",
			);
			runOnlyForDeploymentPostprocessing = 0;
			shellPath = /bin/sh;
			shellScript = "\"${PODS_ROOT}/Target Support Files/Pods-QuizApp/Pods-QuizApp-frameworks.sh\"\n";
			showEnvVarsInLog = 0;
		};
		4EB08E5815EAAA7AC160500F /* [CP] Check Pods Manifest.lock */ = {
			isa = PBXShellScriptBuildPhase;
			buildActionMask = 2147483647;
			files = (
			);
			inputFileListPaths = (
			);
			inputPaths = (
				"${PODS_PODFILE_DIR_PATH}/Podfile.lock",
				"${PODS_ROOT}/Manifest.lock",
			);
			name = "[CP] Check Pods Manifest.lock";
			outputFileListPaths = (
			);
			outputPaths = (
				"$(DERIVED_FILE_DIR)/Pods-QuizApp-checkManifestLockResult.txt",
			);
			runOnlyForDeploymentPostprocessing = 0;
			shellPath = /bin/sh;
			shellScript = "diff \"${PODS_PODFILE_DIR_PATH}/Podfile.lock\" \"${PODS_ROOT}/Manifest.lock\" > /dev/null\nif [ $? != 0 ] ; then\n    # print error to STDERR\n    echo \"error: The sandbox is not in sync with the Podfile.lock. Run 'pod install' or update your CocoaPods installation.\" >&2\n    exit 1\nfi\n# This output is used by Xcode 'outputs' to avoid re-running this script phase.\necho \"SUCCESS\" > \"${SCRIPT_OUTPUT_FILE_0}\"\n";
			showEnvVarsInLog = 0;
		};
/* End PBXShellScriptBuildPhase section */

/* Begin PBXSourcesBuildPhase section */
		A90ABAAD2C18B8D3000131DC /* Sources */ = {
			isa = PBXSourcesBuildPhase;
			buildActionMask = 2147483647;
			files = (
				A9ECE7202C1B2DC8000DB6E9 /* LoginViewController.swift in Sources */,
				A9ECE7222C1B2DD6000DB6E9 /* RegisterViewController.swift in Sources */,
				A976E8FD2C1C4C270009D1B0 /* CategoryViewController.swift in Sources */,
				A976E8F92C1C3F410009D1B0 /* Quiz.swift in Sources */,
				A918146A2C2ADE98000726E0 /* FirebaseManager.swift in Sources */,
				A976E9032C1C4C830009D1B0 /* GameOverViewController.swift in Sources */,
				A957651C2C1C271000834BE7 /* UserProfileViewController.swift in Sources */,
				A976E8F72C1C3F1A0009D1B0 /* GameManager.swift in Sources */,
				A9332DDE2C342EAB001C3F86 /* UserIconViewController.swift in Sources */,
				A976E8FF2C1C4C4A0009D1B0 /* TypeViewController.swift in Sources */,
				A9332DE02C342FF0001C3F86 /* UserIconCollectionViewCell.swift in Sources */,
				A9332DDB2C32F408001C3F86 /* UserScoresTableViewCell.swift in Sources */,
				A9ECE7242C1B2E56000DB6E9 /* NumberOfQuestionsViewController.swift in Sources */,
				A91814642C29A153000726E0 /* User.swift in Sources */,
				A90ABAB92C18B8D3000131DC /* ViewController.swift in Sources */,
				A976E9062C1C7DF10009D1B0 /* MultipleButtonViewController.swift in Sources */,
				A91814602C2980DC000726E0 /* ScoresViewController.swift in Sources */,
				A93AD5832C2DA28B00A46D21 /* leadershipTableViewCell.swift in Sources */,
				A976E9082C1C7E020009D1B0 /* BooleanButtonViewController.swift in Sources */,
				A976E8FB2C1C4AE60009D1B0 /* Constants.swift in Sources */,
				A976E8F52C1C3EC50009D1B0 /* CategoryManager.swift in Sources */,
				A976E8F32C1C3E980009D1B0 /* Category.swift in Sources */,
				A976E9012C1C4C670009D1B0 /* GameViewController.swift in Sources */,
				A90ABAB52C18B8D3000131DC /* AppDelegate.swift in Sources */,
				A90ABAB72C18B8D3000131DC /* SceneDelegate.swift in Sources */,
				A976E8F12C1C3E630009D1B0 /* QuizOptionsModel.swift in Sources */,
			);
			runOnlyForDeploymentPostprocessing = 0;
		};
/* End PBXSourcesBuildPhase section */

/* Begin PBXVariantGroup section */
		A90ABABA2C18B8D3000131DC /* Main.storyboard */ = {
			isa = PBXVariantGroup;
			children = (
				A90ABABB2C18B8D3000131DC /* Base */,
			);
			name = Main.storyboard;
			sourceTree = "<group>";
		};
		A90ABABF2C18B8D5000131DC /* LaunchScreen.storyboard */ = {
			isa = PBXVariantGroup;
			children = (
				A90ABAC02C18B8D5000131DC /* Base */,
			);
			name = LaunchScreen.storyboard;
			sourceTree = "<group>";
		};
/* End PBXVariantGroup section */

/* Begin XCBuildConfiguration section */
		A90ABAC32C18B8D5000131DC /* Debug */ = {
			isa = XCBuildConfiguration;
			buildSettings = {
				ALWAYS_SEARCH_USER_PATHS = NO;
				ASSETCATALOG_COMPILER_GENERATE_SWIFT_ASSET_SYMBOL_EXTENSIONS = YES;
				CLANG_ANALYZER_NONNULL = YES;
				CLANG_ANALYZER_NUMBER_OBJECT_CONVERSION = YES_AGGRESSIVE;
				CLANG_CXX_LANGUAGE_STANDARD = "gnu++20";
				CLANG_ENABLE_MODULES = YES;
				CLANG_ENABLE_OBJC_ARC = YES;
				CLANG_ENABLE_OBJC_WEAK = YES;
				CLANG_WARN_BLOCK_CAPTURE_AUTORELEASING = YES;
				CLANG_WARN_BOOL_CONVERSION = YES;
				CLANG_WARN_COMMA = YES;
				CLANG_WARN_CONSTANT_CONVERSION = YES;
				CLANG_WARN_DEPRECATED_OBJC_IMPLEMENTATIONS = YES;
				CLANG_WARN_DIRECT_OBJC_ISA_USAGE = YES_ERROR;
				CLANG_WARN_DOCUMENTATION_COMMENTS = YES;
				CLANG_WARN_EMPTY_BODY = YES;
				CLANG_WARN_ENUM_CONVERSION = YES;
				CLANG_WARN_INFINITE_RECURSION = YES;
				CLANG_WARN_INT_CONVERSION = YES;
				CLANG_WARN_NON_LITERAL_NULL_CONVERSION = YES;
				CLANG_WARN_OBJC_IMPLICIT_RETAIN_SELF = YES;
				CLANG_WARN_OBJC_LITERAL_CONVERSION = YES;
				CLANG_WARN_OBJC_ROOT_CLASS = YES_ERROR;
				CLANG_WARN_QUOTED_INCLUDE_IN_FRAMEWORK_HEADER = YES;
				CLANG_WARN_RANGE_LOOP_ANALYSIS = YES;
				CLANG_WARN_STRICT_PROTOTYPES = YES;
				CLANG_WARN_SUSPICIOUS_MOVE = YES;
				CLANG_WARN_UNGUARDED_AVAILABILITY = YES_AGGRESSIVE;
				CLANG_WARN_UNREACHABLE_CODE = YES;
				CLANG_WARN__DUPLICATE_METHOD_MATCH = YES;
				COPY_PHASE_STRIP = NO;
				DEBUG_INFORMATION_FORMAT = dwarf;
				ENABLE_STRICT_OBJC_MSGSEND = YES;
				ENABLE_TESTABILITY = YES;
				ENABLE_USER_SCRIPT_SANDBOXING = NO;
				GCC_C_LANGUAGE_STANDARD = gnu17;
				GCC_DYNAMIC_NO_PIC = NO;
				GCC_NO_COMMON_BLOCKS = YES;
				GCC_OPTIMIZATION_LEVEL = 0;
				GCC_PREPROCESSOR_DEFINITIONS = (
					"DEBUG=1",
					"$(inherited)",
				);
				GCC_WARN_64_TO_32_BIT_CONVERSION = YES;
				GCC_WARN_ABOUT_RETURN_TYPE = YES_ERROR;
				GCC_WARN_UNDECLARED_SELECTOR = YES;
				GCC_WARN_UNINITIALIZED_AUTOS = YES_AGGRESSIVE;
				GCC_WARN_UNUSED_FUNCTION = YES;
				GCC_WARN_UNUSED_VARIABLE = YES;
				IPHONEOS_DEPLOYMENT_TARGET = 17.5;
				LOCALIZATION_PREFERS_STRING_CATALOGS = YES;
				MTL_ENABLE_DEBUG_INFO = INCLUDE_SOURCE;
				MTL_FAST_MATH = YES;
				ONLY_ACTIVE_ARCH = YES;
				SDKROOT = iphoneos;
				SWIFT_ACTIVE_COMPILATION_CONDITIONS = "DEBUG $(inherited)";
				SWIFT_OPTIMIZATION_LEVEL = "-Onone";
			};
			name = Debug;
		};
		A90ABAC42C18B8D5000131DC /* Release */ = {
			isa = XCBuildConfiguration;
			buildSettings = {
				ALWAYS_SEARCH_USER_PATHS = NO;
				ASSETCATALOG_COMPILER_GENERATE_SWIFT_ASSET_SYMBOL_EXTENSIONS = YES;
				CLANG_ANALYZER_NONNULL = YES;
				CLANG_ANALYZER_NUMBER_OBJECT_CONVERSION = YES_AGGRESSIVE;
				CLANG_CXX_LANGUAGE_STANDARD = "gnu++20";
				CLANG_ENABLE_MODULES = YES;
				CLANG_ENABLE_OBJC_ARC = YES;
				CLANG_ENABLE_OBJC_WEAK = YES;
				CLANG_WARN_BLOCK_CAPTURE_AUTORELEASING = YES;
				CLANG_WARN_BOOL_CONVERSION = YES;
				CLANG_WARN_COMMA = YES;
				CLANG_WARN_CONSTANT_CONVERSION = YES;
				CLANG_WARN_DEPRECATED_OBJC_IMPLEMENTATIONS = YES;
				CLANG_WARN_DIRECT_OBJC_ISA_USAGE = YES_ERROR;
				CLANG_WARN_DOCUMENTATION_COMMENTS = YES;
				CLANG_WARN_EMPTY_BODY = YES;
				CLANG_WARN_ENUM_CONVERSION = YES;
				CLANG_WARN_INFINITE_RECURSION = YES;
				CLANG_WARN_INT_CONVERSION = YES;
				CLANG_WARN_NON_LITERAL_NULL_CONVERSION = YES;
				CLANG_WARN_OBJC_IMPLICIT_RETAIN_SELF = YES;
				CLANG_WARN_OBJC_LITERAL_CONVERSION = YES;
				CLANG_WARN_OBJC_ROOT_CLASS = YES_ERROR;
				CLANG_WARN_QUOTED_INCLUDE_IN_FRAMEWORK_HEADER = YES;
				CLANG_WARN_RANGE_LOOP_ANALYSIS = YES;
				CLANG_WARN_STRICT_PROTOTYPES = YES;
				CLANG_WARN_SUSPICIOUS_MOVE = YES;
				CLANG_WARN_UNGUARDED_AVAILABILITY = YES_AGGRESSIVE;
				CLANG_WARN_UNREACHABLE_CODE = YES;
				CLANG_WARN__DUPLICATE_METHOD_MATCH = YES;
				COPY_PHASE_STRIP = NO;
				DEBUG_INFORMATION_FORMAT = "dwarf-with-dsym";
				ENABLE_NS_ASSERTIONS = NO;
				ENABLE_STRICT_OBJC_MSGSEND = YES;
				ENABLE_USER_SCRIPT_SANDBOXING = NO;
				GCC_C_LANGUAGE_STANDARD = gnu17;
				GCC_NO_COMMON_BLOCKS = YES;
				GCC_WARN_64_TO_32_BIT_CONVERSION = YES;
				GCC_WARN_ABOUT_RETURN_TYPE = YES_ERROR;
				GCC_WARN_UNDECLARED_SELECTOR = YES;
				GCC_WARN_UNINITIALIZED_AUTOS = YES_AGGRESSIVE;
				GCC_WARN_UNUSED_FUNCTION = YES;
				GCC_WARN_UNUSED_VARIABLE = YES;
				IPHONEOS_DEPLOYMENT_TARGET = 17.5;
				LOCALIZATION_PREFERS_STRING_CATALOGS = YES;
				MTL_ENABLE_DEBUG_INFO = NO;
				MTL_FAST_MATH = YES;
				SDKROOT = iphoneos;
				SWIFT_COMPILATION_MODE = wholemodule;
				VALIDATE_PRODUCT = YES;
			};
			name = Release;
		};
		A90ABAC62C18B8D5000131DC /* Debug */ = {
			isa = XCBuildConfiguration;
			baseConfigurationReference = 0B8A4BBD5AF029C9A4F8D940 /* Pods-QuizApp.debug.xcconfig */;
			buildSettings = {
				ASSETCATALOG_COMPILER_APPICON_NAME = AppIcon;
				ASSETCATALOG_COMPILER_GLOBAL_ACCENT_COLOR_NAME = AccentColor;
				CODE_SIGN_STYLE = Automatic;
				CURRENT_PROJECT_VERSION = 1;
				DEVELOPMENT_TEAM = 992MR6GDH5;
				GENERATE_INFOPLIST_FILE = YES;
				INFOPLIST_FILE = QuizApp/Info.plist;
				INFOPLIST_KEY_UIApplicationSupportsIndirectInputEvents = YES;
				INFOPLIST_KEY_UILaunchStoryboardName = LaunchScreen;
				INFOPLIST_KEY_UIMainStoryboardFile = Main;
				INFOPLIST_KEY_UISupportedInterfaceOrientations_iPad = "UIInterfaceOrientationPortrait UIInterfaceOrientationPortraitUpsideDown UIInterfaceOrientationLandscapeLeft UIInterfaceOrientationLandscapeRight";
				INFOPLIST_KEY_UISupportedInterfaceOrientations_iPhone = "UIInterfaceOrientationPortrait UIInterfaceOrientationLandscapeLeft UIInterfaceOrientationLandscapeRight";
				LD_RUNPATH_SEARCH_PATHS = (
					"$(inherited)",
					"@executable_path/Frameworks",
				);
				MARKETING_VERSION = 1.0;
				PRODUCT_BUNDLE_IDENTIFIER = com.sevvalmertoglu.QuizApp;
				PRODUCT_NAME = "$(TARGET_NAME)";
				SWIFT_EMIT_LOC_STRINGS = YES;
				SWIFT_VERSION = 5.0;
				TARGETED_DEVICE_FAMILY = "1,2";
			};
			name = Debug;
		};
		A90ABAC72C18B8D5000131DC /* Release */ = {
			isa = XCBuildConfiguration;
			baseConfigurationReference = 16AED92F5DC269B737258FC8 /* Pods-QuizApp.release.xcconfig */;
			buildSettings = {
				ASSETCATALOG_COMPILER_APPICON_NAME = AppIcon;
				ASSETCATALOG_COMPILER_GLOBAL_ACCENT_COLOR_NAME = AccentColor;
				CODE_SIGN_STYLE = Automatic;
				CURRENT_PROJECT_VERSION = 1;
				DEVELOPMENT_TEAM = 992MR6GDH5;
				GENERATE_INFOPLIST_FILE = YES;
				INFOPLIST_FILE = QuizApp/Info.plist;
				INFOPLIST_KEY_UIApplicationSupportsIndirectInputEvents = YES;
				INFOPLIST_KEY_UILaunchStoryboardName = LaunchScreen;
				INFOPLIST_KEY_UIMainStoryboardFile = Main;
				INFOPLIST_KEY_UISupportedInterfaceOrientations_iPad = "UIInterfaceOrientationPortrait UIInterfaceOrientationPortraitUpsideDown UIInterfaceOrientationLandscapeLeft UIInterfaceOrientationLandscapeRight";
				INFOPLIST_KEY_UISupportedInterfaceOrientations_iPhone = "UIInterfaceOrientationPortrait UIInterfaceOrientationLandscapeLeft UIInterfaceOrientationLandscapeRight";
				LD_RUNPATH_SEARCH_PATHS = (
					"$(inherited)",
					"@executable_path/Frameworks",
				);
				MARKETING_VERSION = 1.0;
				PRODUCT_BUNDLE_IDENTIFIER = com.sevvalmertoglu.QuizApp;
				PRODUCT_NAME = "$(TARGET_NAME)";
				SWIFT_EMIT_LOC_STRINGS = YES;
				SWIFT_VERSION = 5.0;
				TARGETED_DEVICE_FAMILY = "1,2";
			};
			name = Release;
		};
/* End XCBuildConfiguration section */

/* Begin XCConfigurationList section */
		A90ABAAC2C18B8D3000131DC /* Build configuration list for PBXProject "QuizApp" */ = {
			isa = XCConfigurationList;
			buildConfigurations = (
				A90ABAC32C18B8D5000131DC /* Debug */,
				A90ABAC42C18B8D5000131DC /* Release */,
			);
			defaultConfigurationIsVisible = 0;
			defaultConfigurationName = Release;
		};
		A90ABAC52C18B8D5000131DC /* Build configuration list for PBXNativeTarget "QuizApp" */ = {
			isa = XCConfigurationList;
			buildConfigurations = (
				A90ABAC62C18B8D5000131DC /* Debug */,
				A90ABAC72C18B8D5000131DC /* Release */,
			);
			defaultConfigurationIsVisible = 0;
			defaultConfigurationName = Release;
		};
/* End XCConfigurationList section */
	};
	rootObject = A90ABAA92C18B8D3000131DC /* Project object */;
}
